
Microsoft Visual Studio Solution File, Format Version 12.00
# Visual Studio Version 16
VisualStudioVersion = 25.0.1706.4
MinimumVisualStudioVersion = 10.0.40219.1
Project("{FAE04EC0-301F-11D3-BF4B-00C04F79EFBC}") = "Sorting", "Sorting\Sorting.csproj", "{33FC7FFF-AC96-452D-891F-C35C1B041D1E}"
EndProject
Global
	GlobalSection(SolutionConfigurationPlatforms) = preSolution
		Debug|Any CPU = Debug|Any CPU
		Release|Any CPU = Release|Any CPU
	EndGlobalSection
	GlobalSection(ProjectConfigurationPlatforms) = postSolution
		{33FC7FFF-AC96-452D-891F-C35C1B041D1E}.Debug|Any CPU.ActiveCfg = Debug|Any CPU
		{33FC7FFF-AC96-452D-891F-C35C1B041D1E}.Debug|Any CPU.Build.0 = Debug|Any CPU
		{33FC7FFF-AC96-452D-891F-C35C1B041D1E}.Release|Any CPU.ActiveCfg = Release|Any CPU
		{33FC7FFF-AC96-452D-891F-C35C1B041D1E}.Release|Any CPU.Build.0 = Release|Any CPU
	EndGlobalSection
	GlobalSection(SolutionProperties) = preSolution
		HideSolutionNode = FALSE
	EndGlobalSection
	GlobalSection(ExtensibilityGlobals) = postSolution
		SolutionGuid = {52E5A1BE-2E60-4CEA-811A-77E3E31CE3CC}
	EndGlobalSection
EndGlobal
